
Microsoft Visual Studio Solution File, Format Version 12.00
# Visual Studio Version 17
VisualStudioVersion = 17.9.34723.18
MinimumVisualStudioVersion = 10.0.40219.1
Project("{FAE04EC0-301F-11D3-BF4B-00C04F79EFBC}") = "TangyWeb_Server", "TangyWeb_Server\TangyWeb_Server.csproj", "{3D50A108-D772-4232-8ADD-BE4269CCFC16}"
EndProject
Global
	GlobalSection(SolutionConfigurationPlatforms) = preSolution
		Debug|Any CPU = Debug|Any CPU
		Release|Any CPU = Release|Any CPU
	EndGlobalSection
	GlobalSection(ProjectConfigurationPlatforms) = postSolution
		{3D50A108-D772-4232-8ADD-BE4269CCFC16}.Debug|Any CPU.ActiveCfg = Debug|Any CPU
		{3D50A108-D772-4232-8ADD-BE4269CCFC16}.Debug|Any CPU.Build.0 = Debug|Any CPU
		{3D50A108-D772-4232-8ADD-BE4269CCFC16}.Release|Any CPU.ActiveCfg = Release|Any CPU
		{3D50A108-D772-4232-8ADD-BE4269CCFC16}.Release|Any CPU.Build.0 = Release|Any CPU
	EndGlobalSection
	GlobalSection(SolutionProperties) = preSolution
		HideSolutionNode = FALSE
	EndGlobalSection
	GlobalSection(ExtensibilityGlobals) = postSolution
		SolutionGuid = {A7FFFA5A-1B03-4485-875E-778A70825101}
	EndGlobalSection
EndGlobal
